{
    "_readme": [
        "This file locks the dependencies of your project to a known state",
        "Read more about it at https://getcomposer.org/doc/01-basic-usage.md#installing-dependencies",
        "This file is @generated automatically"
    ],
    "content-hash": "e9df8dfa23238f08e2ec73cd0c5a9752",
    "packages": [
        {
            "name": "susanbuck/rock-paper-scissors",
            "version": "0.1.5",
            "source": {
                "type": "git",
                "url": "https://github.com/susanBuck/rock-paper-scissors.git",
                "reference": "2b8a34339715507b1b9f7664478ff51bdc9ff219"
            },
            "dist": {
                "type": "zip",
                "url": "https://api.github.com/repos/susanBuck/rock-paper-scissors/zipball/2b8a34339715507b1b9f7664478ff51bdc9ff219",
                "reference": "2b8a34339715507b1b9f7664478ff51bdc9ff219",
                "shasum": ""
            },
            "type": "library",
            "autoload": {
                "psr-4": {
                    "RPS\\": "src/"
                }
            },
            "notification-url": "https://packagist.org/downloads/",
            "license": [
                "MIT"
            ],
            "authors": [
                {
                    "name": "Susan Buck",
                    "email": "susanbuck@fas.harvard.edu"
                }
            ],
            "description": "Rock Paper Scissors",
            "support": {
                "issues": "https://github.com/susanBuck/rock-paper-scissors/issues",
                "source": "https://github.com/susanBuck/rock-paper-scissors/tree/0.1.5"
            },
            "time": "2021-10-25T22:30:23+00:00"
        }
    ],
    "packages-dev": [],
    "aliases": [],
    "minimum-stability": "stable",
    "stability-flags": [],
    "prefer-stable": false,
    "prefer-lowest": false,
    "platform": [],
    "platform-dev": [],
    "plugin-api-version": "2.1.0"
}
